// !$*UTF8*$!
{
	archiveVersion = 1;
	classes = {
	};
	objectVersion = 50;
	objects = {

/* Begin PBXBuildFile section */
		2A5D4C06737AE5E88B962081 /* libPods-MedibankCodeChallengeTests.a in Frameworks */ = {isa = PBXBuildFile; fileRef = E1E70712971F429F6EB6FA7B /* libPods-MedibankCodeChallengeTests.a */; };
		3EC34F3CC01D92841C75EF9E /* Pods_MedibankCodeChallenge.framework in Frameworks */ = {isa = PBXBuildFile; fileRef = BB60624530207ABB1402C0E1 /* Pods_MedibankCodeChallenge.framework */; };
		78166A7724E81900008DDAF5 /* AppDelegate.swift in Sources */ = {isa = PBXBuildFile; fileRef = 78166A7624E81900008DDAF5 /* AppDelegate.swift */; };
		78166A7924E81900008DDAF5 /* SceneDelegate.swift in Sources */ = {isa = PBXBuildFile; fileRef = 78166A7824E81900008DDAF5 /* SceneDelegate.swift */; };
		78166A7B24E81900008DDAF5 /* HeadlineViewController.swift in Sources */ = {isa = PBXBuildFile; fileRef = 78166A7A24E81900008DDAF5 /* HeadlineViewController.swift */; };
		78166A7D24E81900008DDAF5 /* SourceViewController.swift in Sources */ = {isa = PBXBuildFile; fileRef = 78166A7C24E81900008DDAF5 /* SourceViewController.swift */; };
		78166A8024E81900008DDAF5 /* Main.storyboard in Resources */ = {isa = PBXBuildFile; fileRef = 78166A7E24E81900008DDAF5 /* Main.storyboard */; };
		78166A8324E81900008DDAF5 /* MedibankCodeChallenge.xcdatamodeld in Sources */ = {isa = PBXBuildFile; fileRef = 78166A8124E81900008DDAF5 /* MedibankCodeChallenge.xcdatamodeld */; };
		78166A8524E81902008DDAF5 /* Assets.xcassets in Resources */ = {isa = PBXBuildFile; fileRef = 78166A8424E81902008DDAF5 /* Assets.xcassets */; };
		78166A8824E81902008DDAF5 /* LaunchScreen.storyboard in Resources */ = {isa = PBXBuildFile; fileRef = 78166A8624E81902008DDAF5 /* LaunchScreen.storyboard */; };
		78166A9324E81902008DDAF5 /* MedibankCodeChallengeTests.swift in Sources */ = {isa = PBXBuildFile; fileRef = 78166A9224E81902008DDAF5 /* MedibankCodeChallengeTests.swift */; };
		78166A9E24E81982008DDAF5 /* SavedViewController.swift in Sources */ = {isa = PBXBuildFile; fileRef = 78166A9D24E81982008DDAF5 /* SavedViewController.swift */; };
		78166AA124E819E5008DDAF5 /* SavedViewModel.swift in Sources */ = {isa = PBXBuildFile; fileRef = 78166AA024E819E5008DDAF5 /* SavedViewModel.swift */; };
		78166AA324E819F0008DDAF5 /* SourceViewModel.swift in Sources */ = {isa = PBXBuildFile; fileRef = 78166AA224E819F0008DDAF5 /* SourceViewModel.swift */; };
		78166AA524E81A02008DDAF5 /* HeadlineViewModel.swift in Sources */ = {isa = PBXBuildFile; fileRef = 78166AA424E81A02008DDAF5 /* HeadlineViewModel.swift */; };
		78166AA824E81A47008DDAF5 /* Headline.swift in Sources */ = {isa = PBXBuildFile; fileRef = 78166AA724E81A47008DDAF5 /* Headline.swift */; };
		78166AAB24E81E70008DDAF5 /* Source.swift in Sources */ = {isa = PBXBuildFile; fileRef = 78166AAA24E81E70008DDAF5 /* Source.swift */; };
		78166AAD24E81F60008DDAF5 /* SavedNews.swift in Sources */ = {isa = PBXBuildFile; fileRef = 78166AAC24E81F60008DDAF5 /* SavedNews.swift */; };
/* End PBXBuildFile section */

/* Begin PBXContainerItemProxy section */
		78166A8F24E81902008DDAF5 /* PBXContainerItemProxy */ = {
			isa = PBXContainerItemProxy;
			containerPortal = 78166A6B24E81900008DDAF5 /* Project object */;
			proxyType = 1;
			remoteGlobalIDString = 78166A7224E81900008DDAF5;
			remoteInfo = MedibankCodeChallenge;
		};
/* End PBXContainerItemProxy section */

/* Begin PBXFileReference section */
		2187D74525772E8277927F5F /* Pods-MedibankCodeChallengeTests.debug.xcconfig */ = {isa = PBXFileReference; includeInIndex = 1; lastKnownFileType = text.xcconfig; name = "Pods-MedibankCodeChallengeTests.debug.xcconfig"; path = "Target Support Files/Pods-MedibankCodeChallengeTests/Pods-MedibankCodeChallengeTests.debug.xcconfig"; sourceTree = "<group>"; };
		78166A7324E81900008DDAF5 /* MedibankCodeChallenge.app */ = {isa = PBXFileReference; explicitFileType = wrapper.application; includeInIndex = 0; path = MedibankCodeChallenge.app; sourceTree = BUILT_PRODUCTS_DIR; };
		78166A7624E81900008DDAF5 /* AppDelegate.swift */ = {isa = PBXFileReference; lastKnownFileType = sourcecode.swift; path = AppDelegate.swift; sourceTree = "<group>"; };
		78166A7824E81900008DDAF5 /* SceneDelegate.swift */ = {isa = PBXFileReference; lastKnownFileType = sourcecode.swift; path = SceneDelegate.swift; sourceTree = "<group>"; };
		78166A7A24E81900008DDAF5 /* HeadlineViewController.swift */ = {isa = PBXFileReference; lastKnownFileType = sourcecode.swift; path = HeadlineViewController.swift; sourceTree = "<group>"; };
		78166A7C24E81900008DDAF5 /* SourceViewController.swift */ = {isa = PBXFileReference; lastKnownFileType = sourcecode.swift; path = SourceViewController.swift; sourceTree = "<group>"; };
		78166A7F24E81900008DDAF5 /* Base */ = {isa = PBXFileReference; lastKnownFileType = file.storyboard; name = Base; path = Base.lproj/Main.storyboard; sourceTree = "<group>"; };
		78166A8224E81900008DDAF5 /* MedibankCodeChallenge.xcdatamodel */ = {isa = PBXFileReference; lastKnownFileType = wrapper.xcdatamodel; path = MedibankCodeChallenge.xcdatamodel; sourceTree = "<group>"; };
		78166A8424E81902008DDAF5 /* Assets.xcassets */ = {isa = PBXFileReference; lastKnownFileType = folder.assetcatalog; path = Assets.xcassets; sourceTree = "<group>"; };
		78166A8724E81902008DDAF5 /* Base */ = {isa = PBXFileReference; lastKnownFileType = file.storyboard; name = Base; path = Base.lproj/LaunchScreen.storyboard; sourceTree = "<group>"; };
		78166A8924E81902008DDAF5 /* Info.plist */ = {isa = PBXFileReference; lastKnownFileType = text.plist.xml; path = Info.plist; sourceTree = "<group>"; };
		78166A8E24E81902008DDAF5 /* MedibankCodeChallengeTests.xctest */ = {isa = PBXFileReference; explicitFileType = wrapper.cfbundle; includeInIndex = 0; path = MedibankCodeChallengeTests.xctest; sourceTree = BUILT_PRODUCTS_DIR; };
		78166A9224E81902008DDAF5 /* MedibankCodeChallengeTests.swift */ = {isa = PBXFileReference; lastKnownFileType = sourcecode.swift; path = MedibankCodeChallengeTests.swift; sourceTree = "<group>"; };
		78166A9424E81902008DDAF5 /* Info.plist */ = {isa = PBXFileReference; lastKnownFileType = text.plist.xml; path = Info.plist; sourceTree = "<group>"; };
		78166A9D24E81982008DDAF5 /* SavedViewController.swift */ = {isa = PBXFileReference; lastKnownFileType = sourcecode.swift; path = SavedViewController.swift; sourceTree = "<group>"; };
		78166AA024E819E5008DDAF5 /* SavedViewModel.swift */ = {isa = PBXFileReference; lastKnownFileType = sourcecode.swift; path = SavedViewModel.swift; sourceTree = "<group>"; };
		78166AA224E819F0008DDAF5 /* SourceViewModel.swift */ = {isa = PBXFileReference; lastKnownFileType = sourcecode.swift; path = SourceViewModel.swift; sourceTree = "<group>"; };
		78166AA424E81A02008DDAF5 /* HeadlineViewModel.swift */ = {isa = PBXFileReference; lastKnownFileType = sourcecode.swift; path = HeadlineViewModel.swift; sourceTree = "<group>"; };
		78166AA724E81A47008DDAF5 /* Headline.swift */ = {isa = PBXFileReference; lastKnownFileType = sourcecode.swift; path = Headline.swift; sourceTree = "<group>"; };
		78166AAA24E81E70008DDAF5 /* Source.swift */ = {isa = PBXFileReference; lastKnownFileType = sourcecode.swift; path = Source.swift; sourceTree = "<group>"; };
		78166AAC24E81F60008DDAF5 /* SavedNews.swift */ = {isa = PBXFileReference; lastKnownFileType = sourcecode.swift; path = SavedNews.swift; sourceTree = "<group>"; };
		B367F3D153333A4C75169624 /* Pods-MedibankCodeChallenge.debug.xcconfig */ = {isa = PBXFileReference; includeInIndex = 1; lastKnownFileType = text.xcconfig; name = "Pods-MedibankCodeChallenge.debug.xcconfig"; path = "Target Support Files/Pods-MedibankCodeChallenge/Pods-MedibankCodeChallenge.debug.xcconfig"; sourceTree = "<group>"; };
		BB60624530207ABB1402C0E1 /* Pods_MedibankCodeChallenge.framework */ = {isa = PBXFileReference; explicitFileType = wrapper.framework; includeInIndex = 0; path = Pods_MedibankCodeChallenge.framework; sourceTree = BUILT_PRODUCTS_DIR; };
		E1E70712971F429F6EB6FA7B /* libPods-MedibankCodeChallengeTests.a */ = {isa = PBXFileReference; explicitFileType = archive.ar; includeInIndex = 0; path = "libPods-MedibankCodeChallengeTests.a"; sourceTree = BUILT_PRODUCTS_DIR; };
		E6C4143A48CF312D2AD56B5C /* Pods-MedibankCodeChallenge.release.xcconfig */ = {isa = PBXFileReference; includeInIndex = 1; lastKnownFileType = text.xcconfig; name = "Pods-MedibankCodeChallenge.release.xcconfig"; path = "Target Support Files/Pods-MedibankCodeChallenge/Pods-MedibankCodeChallenge.release.xcconfig"; sourceTree = "<group>"; };
		FA665AA7C532B27E2050D931 /* Pods-MedibankCodeChallengeTests.release.xcconfig */ = {isa = PBXFileReference; includeInIndex = 1; lastKnownFileType = text.xcconfig; name = "Pods-MedibankCodeChallengeTests.release.xcconfig"; path = "Target Support Files/Pods-MedibankCodeChallengeTests/Pods-MedibankCodeChallengeTests.release.xcconfig"; sourceTree = "<group>"; };
/* End PBXFileReference section */

/* Begin PBXFrameworksBuildPhase section */
		78166A7024E81900008DDAF5 /* Frameworks */ = {
			isa = PBXFrameworksBuildPhase;
			buildActionMask = 2147483647;
			files = (
				3EC34F3CC01D92841C75EF9E /* Pods_MedibankCodeChallenge.framework in Frameworks */,
			);
			runOnlyForDeploymentPostprocessing = 0;
		};
		78166A8B24E81902008DDAF5 /* Frameworks */ = {
			isa = PBXFrameworksBuildPhase;
			buildActionMask = 2147483647;
			files = (
				2A5D4C06737AE5E88B962081 /* libPods-MedibankCodeChallengeTests.a in Frameworks */,
			);
			runOnlyForDeploymentPostprocessing = 0;
		};
/* End PBXFrameworksBuildPhase section */

/* Begin PBXGroup section */
		78166A6A24E81900008DDAF5 = {
			isa = PBXGroup;
			children = (
				78166A7524E81900008DDAF5 /* MedibankCodeChallenge */,
				78166A9124E81902008DDAF5 /* MedibankCodeChallengeTests */,
				78166A7424E81900008DDAF5 /* Products */,
				D28D83502FAD925BF09726AF /* Pods */,
				BF3B51D5D40C88629023DA4F /* Frameworks */,
			);
			sourceTree = "<group>";
		};
		78166A7424E81900008DDAF5 /* Products */ = {
			isa = PBXGroup;
			children = (
				78166A7324E81900008DDAF5 /* MedibankCodeChallenge.app */,
				78166A8E24E81902008DDAF5 /* MedibankCodeChallengeTests.xctest */,
			);
			name = Products;
			sourceTree = "<group>";
		};
		78166A7524E81900008DDAF5 /* MedibankCodeChallenge */ = {
			isa = PBXGroup;
			children = (
				78166A7624E81900008DDAF5 /* AppDelegate.swift */,
				78166A7824E81900008DDAF5 /* SceneDelegate.swift */,
				78166AA924E81E3D008DDAF5 /* Model */,
				78166AA624E81A06008DDAF5 /* ViewModel */,
				78166A9F24E819C1008DDAF5 /* ViewController */,
				78166A7E24E81900008DDAF5 /* Main.storyboard */,
				78166A8424E81902008DDAF5 /* Assets.xcassets */,
				78166A8624E81902008DDAF5 /* LaunchScreen.storyboard */,
				78166A8924E81902008DDAF5 /* Info.plist */,
				78166A8124E81900008DDAF5 /* MedibankCodeChallenge.xcdatamodeld */,
			);
			path = MedibankCodeChallenge;
			sourceTree = "<group>";
		};
		78166A9124E81902008DDAF5 /* MedibankCodeChallengeTests */ = {
			isa = PBXGroup;
			children = (
				78166A9224E81902008DDAF5 /* MedibankCodeChallengeTests.swift */,
				78166A9424E81902008DDAF5 /* Info.plist */,
			);
			path = MedibankCodeChallengeTests;
			sourceTree = "<group>";
		};
		78166A9F24E819C1008DDAF5 /* ViewController */ = {
			isa = PBXGroup;
			children = (
				78166A7A24E81900008DDAF5 /* HeadlineViewController.swift */,
				78166A7C24E81900008DDAF5 /* SourceViewController.swift */,
				78166A9D24E81982008DDAF5 /* SavedViewController.swift */,
			);
			path = ViewController;
			sourceTree = "<group>";
		};
		78166AA624E81A06008DDAF5 /* ViewModel */ = {
			isa = PBXGroup;
			children = (
				78166AA024E819E5008DDAF5 /* SavedViewModel.swift */,
				78166AA224E819F0008DDAF5 /* SourceViewModel.swift */,
				78166AA424E81A02008DDAF5 /* HeadlineViewModel.swift */,
			);
			path = ViewModel;
			sourceTree = "<group>";
		};
		78166AA924E81E3D008DDAF5 /* Model */ = {
			isa = PBXGroup;
			children = (
				78166AA724E81A47008DDAF5 /* Headline.swift */,
				78166AAA24E81E70008DDAF5 /* Source.swift */,
				78166AAC24E81F60008DDAF5 /* SavedNews.swift */,
			);
			path = Model;
			sourceTree = "<group>";
		};
		BF3B51D5D40C88629023DA4F /* Frameworks */ = {
			isa = PBXGroup;
			children = (
				BB60624530207ABB1402C0E1 /* Pods_MedibankCodeChallenge.framework */,
				E1E70712971F429F6EB6FA7B /* libPods-MedibankCodeChallengeTests.a */,
			);
			name = Frameworks;
			sourceTree = "<group>";
		};
		D28D83502FAD925BF09726AF /* Pods */ = {
			isa = PBXGroup;
			children = (
				B367F3D153333A4C75169624 /* Pods-MedibankCodeChallenge.debug.xcconfig */,
				E6C4143A48CF312D2AD56B5C /* Pods-MedibankCodeChallenge.release.xcconfig */,
				2187D74525772E8277927F5F /* Pods-MedibankCodeChallengeTests.debug.xcconfig */,
				FA665AA7C532B27E2050D931 /* Pods-MedibankCodeChallengeTests.release.xcconfig */,
			);
			name = Pods;
			path = Pods;
			sourceTree = "<group>";
		};
/* End PBXGroup section */

/* Begin PBXNativeTarget section */
		78166A7224E81900008DDAF5 /* MedibankCodeChallenge */ = {
			isa = PBXNativeTarget;
			buildConfigurationList = 78166A9724E81902008DDAF5 /* Build configuration list for PBXNativeTarget "MedibankCodeChallenge" */;
			buildPhases = (
				FB25D7045949E5B998F442CE /* [CP] Check Pods Manifest.lock */,
				78166A6F24E81900008DDAF5 /* Sources */,
				78166A7024E81900008DDAF5 /* Frameworks */,
				78166A7124E81900008DDAF5 /* Resources */,
				E8CAB4A79E4FDD0AAB486F1C /* [CP] Embed Pods Frameworks */,
			);
			buildRules = (
			);
			dependencies = (
			);
			name = MedibankCodeChallenge;
			productName = MedibankCodeChallenge;
			productReference = 78166A7324E81900008DDAF5 /* MedibankCodeChallenge.app */;
			productType = "com.apple.product-type.application";
		};
		78166A8D24E81902008DDAF5 /* MedibankCodeChallengeTests */ = {
			isa = PBXNativeTarget;
			buildConfigurationList = 78166A9A24E81902008DDAF5 /* Build configuration list for PBXNativeTarget "MedibankCodeChallengeTests" */;
			buildPhases = (
				1AE233EDA4EB9106E3564417 /* [CP] Check Pods Manifest.lock */,
				78166A8A24E81902008DDAF5 /* Sources */,
				78166A8B24E81902008DDAF5 /* Frameworks */,
				78166A8C24E81902008DDAF5 /* Resources */,
			);
			buildRules = (
			);
			dependencies = (
				78166A9024E81902008DDAF5 /* PBXTargetDependency */,
			);
			name = MedibankCodeChallengeTests;
			productName = MedibankCodeChallengeTests;
			productReference = 78166A8E24E81902008DDAF5 /* MedibankCodeChallengeTests.xctest */;
			productType = "com.apple.product-type.bundle.unit-test";
		};
/* End PBXNativeTarget section */

/* Begin PBXProject section */
		78166A6B24E81900008DDAF5 /* Project object */ = {
			isa = PBXProject;
			attributes = {
				LastSwiftUpdateCheck = 1150;
				LastUpgradeCheck = 1150;
				ORGANIZATIONNAME = Michael.H;
				TargetAttributes = {
					78166A7224E81900008DDAF5 = {
						CreatedOnToolsVersion = 11.5;
					};
					78166A8D24E81902008DDAF5 = {
						CreatedOnToolsVersion = 11.5;
						TestTargetID = 78166A7224E81900008DDAF5;
					};
				};
			};
			buildConfigurationList = 78166A6E24E81900008DDAF5 /* Build configuration list for PBXProject "MedibankCodeChallenge" */;
			compatibilityVersion = "Xcode 9.3";
			developmentRegion = en;
			hasScannedForEncodings = 0;
			knownRegions = (
				en,
				Base,
			);
			mainGroup = 78166A6A24E81900008DDAF5;
			productRefGroup = 78166A7424E81900008DDAF5 /* Products */;
			projectDirPath = "";
			projectRoot = "";
			targets = (
				78166A7224E81900008DDAF5 /* MedibankCodeChallenge */,
				78166A8D24E81902008DDAF5 /* MedibankCodeChallengeTests */,
			);
		};
/* End PBXProject section */

/* Begin PBXResourcesBuildPhase section */
		78166A7124E81900008DDAF5 /* Resources */ = {
			isa = PBXResourcesBuildPhase;
			buildActionMask = 2147483647;
			files = (
				78166A8824E81902008DDAF5 /* LaunchScreen.storyboard in Resources */,
				78166A8524E81902008DDAF5 /* Assets.xcassets in Resources */,
				78166A8024E81900008DDAF5 /* Main.storyboard in Resources */,
			);
			runOnlyForDeploymentPostprocessing = 0;
		};
		78166A8C24E81902008DDAF5 /* Resources */ = {
			isa = PBXResourcesBuildPhase;
			buildActionMask = 2147483647;
			files = (
			);
			runOnlyForDeploymentPostprocessing = 0;
		};
/* End PBXResourcesBuildPhase section */

/* Begin PBXShellScriptBuildPhase section */
		1AE233EDA4EB9106E3564417 /* [CP] Check Pods Manifest.lock */ = {
			isa = PBXShellScriptBuildPhase;
			buildActionMask = 2147483647;
			files = (
			);
			inputFileListPaths = (
			);
			inputPaths = (
				"${PODS_PODFILE_DIR_PATH}/Podfile.lock",
				"${PODS_ROOT}/Manifest.lock",
			);
			name = "[CP] Check Pods Manifest.lock";
			outputFileListPaths = (
			);
			outputPaths = (
				"$(DERIVED_FILE_DIR)/Pods-MedibankCodeChallengeTests-checkManifestLockResult.txt",
			);
			runOnlyForDeploymentPostprocessing = 0;
			shellPath = /bin/sh;
			shellScript = "diff \"${PODS_PODFILE_DIR_PATH}/Podfile.lock\" \"${PODS_ROOT}/Manifest.lock\" > /dev/null\nif [ $? != 0 ] ; then\n    # print error to STDERR\n    echo \"error: The sandbox is not in sync with the Podfile.lock. Run 'pod install' or update your CocoaPods installation.\" >&2\n    exit 1\nfi\n# This output is used by Xcode 'outputs' to avoid re-running this script phase.\necho \"SUCCESS\" > \"${SCRIPT_OUTPUT_FILE_0}\"\n";
			showEnvVarsInLog = 0;
		};
		E8CAB4A79E4FDD0AAB486F1C /* [CP] Embed Pods Frameworks */ = {
			isa = PBXShellScriptBuildPhase;
			buildActionMask = 2147483647;
			files = (
			);
			inputFileListPaths = (
				"${PODS_ROOT}/Target Support Files/Pods-MedibankCodeChallenge/Pods-MedibankCodeChallenge-frameworks-${CONFIGURATION}-input-files.xcfilelist",
			);
			name = "[CP] Embed Pods Frameworks";
			outputFileListPaths = (
				"${PODS_ROOT}/Target Support Files/Pods-MedibankCodeChallenge/Pods-MedibankCodeChallenge-frameworks-${CONFIGURATION}-output-files.xcfilelist",
			);
			runOnlyForDeploymentPostprocessing = 0;
			shellPath = /bin/sh;
			shellScript = "\"${PODS_ROOT}/Target Support Files/Pods-MedibankCodeChallenge/Pods-MedibankCodeChallenge-frameworks.sh\"\n";
			showEnvVarsInLog = 0;
		};
		FB25D7045949E5B998F442CE /* [CP] Check Pods Manifest.lock */ = {
			isa = PBXShellScriptBuildPhase;
			buildActionMask = 2147483647;
			files = (
			);
			inputFileListPaths = (
			);
			inputPaths = (
				"${PODS_PODFILE_DIR_PATH}/Podfile.lock",
				"${PODS_ROOT}/Manifest.lock",
			);
			name = "[CP] Check Pods Manifest.lock";
			outputFileListPaths = (
			);
			outputPaths = (
				"$(DERIVED_FILE_DIR)/Pods-MedibankCodeChallenge-checkManifestLockResult.txt",
			);
			runOnlyForDeploymentPostprocessing = 0;
			shellPath = /bin/sh;
			shellScript = "diff \"${PODS_PODFILE_DIR_PATH}/Podfile.lock\" \"${PODS_ROOT}/Manifest.lock\" > /dev/null\nif [ $? != 0 ] ; then\n    # print error to STDERR\n    echo \"error: The sandbox is not in sync with the Podfile.lock. Run 'pod install' or update your CocoaPods installation.\" >&2\n    exit 1\nfi\n# This output is used by Xcode 'outputs' to avoid re-running this script phase.\necho \"SUCCESS\" > \"${SCRIPT_OUTPUT_FILE_0}\"\n";
			showEnvVarsInLog = 0;
		};
/* End PBXShellScriptBuildPhase section */

/* Begin PBXSourcesBuildPhase section */
		78166A6F24E81900008DDAF5 /* Sources */ = {
			isa = PBXSourcesBuildPhase;
			buildActionMask = 2147483647;
			files = (
				78166A9E24E81982008DDAF5 /* SavedViewController.swift in Sources */,
				78166AA824E81A47008DDAF5 /* Headline.swift in Sources */,
				78166AA524E81A02008DDAF5 /* HeadlineViewModel.swift in Sources */,
				78166A8324E81900008DDAF5 /* MedibankCodeChallenge.xcdatamodeld in Sources */,
				78166AAB24E81E70008DDAF5 /* Source.swift in Sources */,
				78166AA124E819E5008DDAF5 /* SavedViewModel.swift in Sources */,
				78166A7D24E81900008DDAF5 /* SourceViewController.swift in Sources */,
				78166A7B24E81900008DDAF5 /* HeadlineViewController.swift in Sources */,
				78166AA324E819F0008DDAF5 /* SourceViewModel.swift in Sources */,
				78166AAD24E81F60008DDAF5 /* SavedNews.swift in Sources */,
				78166A7724E81900008DDAF5 /* AppDelegate.swift in Sources */,
				78166A7924E81900008DDAF5 /* SceneDelegate.swift in Sources */,
			);
			runOnlyForDeploymentPostprocessing = 0;
		};
		78166A8A24E81902008DDAF5 /* Sources */ = {
			isa = PBXSourcesBuildPhase;
			buildActionMask = 2147483647;
			files = (
				78166A9324E81902008DDAF5 /* MedibankCodeChallengeTests.swift in Sources */,
			);
			runOnlyForDeploymentPostprocessing = 0;
		};
/* End PBXSourcesBuildPhase section */

/* Begin PBXTargetDependency section */
		78166A9024E81902008DDAF5 /* PBXTargetDependency */ = {
			isa = PBXTargetDependency;
			target = 78166A7224E81900008DDAF5 /* MedibankCodeChallenge */;
			targetProxy = 78166A8F24E81902008DDAF5 /* PBXContainerItemProxy */;
		};
/* End PBXTargetDependency section */

/* Begin PBXVariantGroup section */
		78166A7E24E81900008DDAF5 /* Main.storyboard */ = {
			isa = PBXVariantGroup;
			children = (
				78166A7F24E81900008DDAF5 /* Base */,
			);
			name = Main.storyboard;
			sourceTree = "<group>";
		};
		78166A8624E81902008DDAF5 /* LaunchScreen.storyboard */ = {
			isa = PBXVariantGroup;
			children = (
				78166A8724E81902008DDAF5 /* Base */,
			);
			name = LaunchScreen.storyboard;
			sourceTree = "<group>";
		};
/* End PBXVariantGroup section */

/* Begin XCBuildConfiguration section */
		78166A9524E81902008DDAF5 /* Debug */ = {
			isa = XCBuildConfiguration;
			buildSettings = {
				ALWAYS_SEARCH_USER_PATHS = NO;
				CLANG_ANALYZER_NONNULL = YES;
				CLANG_ANALYZER_NUMBER_OBJECT_CONVERSION = YES_AGGRESSIVE;
				CLANG_CXX_LANGUAGE_STANDARD = "gnu++14";
				CLANG_CXX_LIBRARY = "libc++";
				CLANG_ENABLE_MODULES = YES;
				CLANG_ENABLE_OBJC_ARC = YES;
				CLANG_ENABLE_OBJC_WEAK = YES;
				CLANG_WARN_BLOCK_CAPTURE_AUTORELEASING = YES;
				CLANG_WARN_BOOL_CONVERSION = YES;
				CLANG_WARN_COMMA = YES;
				CLANG_WARN_CONSTANT_CONVERSION = YES;
				CLANG_WARN_DEPRECATED_OBJC_IMPLEMENTATIONS = YES;
				CLANG_WARN_DIRECT_OBJC_ISA_USAGE = YES_ERROR;
				CLANG_WARN_DOCUMENTATION_COMMENTS = YES;
				CLANG_WARN_EMPTY_BODY = YES;
				CLANG_WARN_ENUM_CONVERSION = YES;
				CLANG_WARN_INFINITE_RECURSION = YES;
				CLANG_WARN_INT_CONVERSION = YES;
				CLANG_WARN_NON_LITERAL_NULL_CONVERSION = YES;
				CLANG_WARN_OBJC_IMPLICIT_RETAIN_SELF = YES;
				CLANG_WARN_OBJC_LITERAL_CONVERSION = YES;
				CLANG_WARN_OBJC_ROOT_CLASS = YES_ERROR;
				CLANG_WARN_RANGE_LOOP_ANALYSIS = YES;
				CLANG_WARN_STRICT_PROTOTYPES = YES;
				CLANG_WARN_SUSPICIOUS_MOVE = YES;
				CLANG_WARN_UNGUARDED_AVAILABILITY = YES_AGGRESSIVE;
				CLANG_WARN_UNREACHABLE_CODE = YES;
				CLANG_WARN__DUPLICATE_METHOD_MATCH = YES;
				COPY_PHASE_STRIP = NO;
				DEBUG_INFORMATION_FORMAT = dwarf;
				ENABLE_STRICT_OBJC_MSGSEND = YES;
				ENABLE_TESTABILITY = YES;
				GCC_C_LANGUAGE_STANDARD = gnu11;
				GCC_DYNAMIC_NO_PIC = NO;
				GCC_NO_COMMON_BLOCKS = YES;
				GCC_OPTIMIZATION_LEVEL = 0;
				GCC_PREPROCESSOR_DEFINITIONS = (
					"DEBUG=1",
					"$(inherited)",
				);
				GCC_WARN_64_TO_32_BIT_CONVERSION = YES;
				GCC_WARN_ABOUT_RETURN_TYPE = YES_ERROR;
				GCC_WARN_UNDECLARED_SELECTOR = YES;
				GCC_WARN_UNINITIALIZED_AUTOS = YES_AGGRESSIVE;
				GCC_WARN_UNUSED_FUNCTION = YES;
				GCC_WARN_UNUSED_VARIABLE = YES;
				IPHONEOS_DEPLOYMENT_TARGET = 13.5;
				MTL_ENABLE_DEBUG_INFO = INCLUDE_SOURCE;
				MTL_FAST_MATH = YES;
				ONLY_ACTIVE_ARCH = YES;
				SDKROOT = iphoneos;
				SWIFT_ACTIVE_COMPILATION_CONDITIONS = DEBUG;
				SWIFT_OPTIMIZATION_LEVEL = "-Onone";
			};
			name = Debug;
		};
		78166A9624E81902008DDAF5 /* Release */ = {
			isa = XCBuildConfiguration;
			buildSettings = {
				ALWAYS_SEARCH_USER_PATHS = NO;
				CLANG_ANALYZER_NONNULL = YES;
				CLANG_ANALYZER_NUMBER_OBJECT_CONVERSION = YES_AGGRESSIVE;
				CLANG_CXX_LANGUAGE_STANDARD = "gnu++14";
				CLANG_CXX_LIBRARY = "libc++";
				CLANG_ENABLE_MODULES = YES;
				CLANG_ENABLE_OBJC_ARC = YES;
				CLANG_ENABLE_OBJC_WEAK = YES;
				CLANG_WARN_BLOCK_CAPTURE_AUTORELEASING = YES;
				CLANG_WARN_BOOL_CONVERSION = YES;
				CLANG_WARN_COMMA = YES;
				CLANG_WARN_CONSTANT_CONVERSION = YES;
				CLANG_WARN_DEPRECATED_OBJC_IMPLEMENTATIONS = YES;
				CLANG_WARN_DIRECT_OBJC_ISA_USAGE = YES_ERROR;
				CLANG_WARN_DOCUMENTATION_COMMENTS = YES;
				CLANG_WARN_EMPTY_BODY = YES;
				CLANG_WARN_ENUM_CONVERSION = YES;
				CLANG_WARN_INFINITE_RECURSION = YES;
				CLANG_WARN_INT_CONVERSION = YES;
				CLANG_WARN_NON_LITERAL_NULL_CONVERSION = YES;
				CLANG_WARN_OBJC_IMPLICIT_RETAIN_SELF = YES;
				CLANG_WARN_OBJC_LITERAL_CONVERSION = YES;
				CLANG_WARN_OBJC_ROOT_CLASS = YES_ERROR;
				CLANG_WARN_RANGE_LOOP_ANALYSIS = YES;
				CLANG_WARN_STRICT_PROTOTYPES = YES;
				CLANG_WARN_SUSPICIOUS_MOVE = YES;
				CLANG_WARN_UNGUARDED_AVAILABILITY = YES_AGGRESSIVE;
				CLANG_WARN_UNREACHABLE_CODE = YES;
				CLANG_WARN__DUPLICATE_METHOD_MATCH = YES;
				COPY_PHASE_STRIP = NO;
				DEBUG_INFORMATION_FORMAT = "dwarf-with-dsym";
				ENABLE_NS_ASSERTIONS = NO;
				ENABLE_STRICT_OBJC_MSGSEND = YES;
				GCC_C_LANGUAGE_STANDARD = gnu11;
				GCC_NO_COMMON_BLOCKS = YES;
				GCC_WARN_64_TO_32_BIT_CONVERSION = YES;
				GCC_WARN_ABOUT_RETURN_TYPE = YES_ERROR;
				GCC_WARN_UNDECLARED_SELECTOR = YES;
				GCC_WARN_UNINITIALIZED_AUTOS = YES_AGGRESSIVE;
				GCC_WARN_UNUSED_FUNCTION = YES;
				GCC_WARN_UNUSED_VARIABLE = YES;
				IPHONEOS_DEPLOYMENT_TARGET = 13.5;
				MTL_ENABLE_DEBUG_INFO = NO;
				MTL_FAST_MATH = YES;
				SDKROOT = iphoneos;
				SWIFT_COMPILATION_MODE = wholemodule;
				SWIFT_OPTIMIZATION_LEVEL = "-O";
				VALIDATE_PRODUCT = YES;
			};
			name = Release;
		};
		78166A9824E81902008DDAF5 /* Debug */ = {
			isa = XCBuildConfiguration;
			baseConfigurationReference = B367F3D153333A4C75169624 /* Pods-MedibankCodeChallenge.debug.xcconfig */;
			buildSettings = {
				ASSETCATALOG_COMPILER_APPICON_NAME = AppIcon;
				CODE_SIGN_STYLE = Automatic;
				INFOPLIST_FILE = MedibankCodeChallenge/Info.plist;
				LD_RUNPATH_SEARCH_PATHS = (
					"$(inherited)",
					"@executable_path/Frameworks",
				);
				PRODUCT_BUNDLE_IDENTIFIER = com.mk.mc2.MedibankCodeChallenge;
				PRODUCT_NAME = "$(TARGET_NAME)";
				SWIFT_VERSION = 5.0;
				TARGETED_DEVICE_FAMILY = "1,2";
			};
			name = Debug;
		};
		78166A9924E81902008DDAF5 /* Release */ = {
			isa = XCBuildConfiguration;
			baseConfigurationReference = E6C4143A48CF312D2AD56B5C /* Pods-MedibankCodeChallenge.release.xcconfig */;
			buildSettings = {
				ASSETCATALOG_COMPILER_APPICON_NAME = AppIcon;
				CODE_SIGN_STYLE = Automatic;
				INFOPLIST_FILE = MedibankCodeChallenge/Info.plist;
				LD_RUNPATH_SEARCH_PATHS = (
					"$(inherited)",
					"@executable_path/Frameworks",
				);
				PRODUCT_BUNDLE_IDENTIFIER = com.mk.mc2.MedibankCodeChallenge;
				PRODUCT_NAME = "$(TARGET_NAME)";
				SWIFT_VERSION = 5.0;
				TARGETED_DEVICE_FAMILY = "1,2";
			};
			name = Release;
		};
		78166A9B24E81902008DDAF5 /* Debug */ = {
			isa = XCBuildConfiguration;
			baseConfigurationReference = 2187D74525772E8277927F5F /* Pods-MedibankCodeChallengeTests.debug.xcconfig */;
			buildSettings = {
				ALWAYS_EMBED_SWIFT_STANDARD_LIBRARIES = YES;
				BUNDLE_LOADER = "$(TEST_HOST)";
				CODE_SIGN_STYLE = Automatic;
				INFOPLIST_FILE = MedibankCodeChallengeTests/Info.plist;
				IPHONEOS_DEPLOYMENT_TARGET = 13.5;
				LD_RUNPATH_SEARCH_PATHS = (
					"$(inherited)",
					"@executable_path/Frameworks",
					"@loader_path/Frameworks",
				);
				PRODUCT_BUNDLE_IDENTIFIER = com.mk.mc2.MedibankCodeChallengeTests;
				PRODUCT_NAME = "$(TARGET_NAME)";
				SWIFT_VERSION = 5.0;
				TARGETED_DEVICE_FAMILY = "1,2";
				TEST_HOST = "$(BUILT_PRODUCTS_DIR)/MedibankCodeChallenge.app/MedibankCodeChallenge";
			};
			name = Debug;
		};
		78166A9C24E81902008DDAF5 /* Release */ = {
			isa = XCBuildConfiguration;
			baseConfigurationReference = FA665AA7C532B27E2050D931 /* Pods-MedibankCodeChallengeTests.release.xcconfig */;
			buildSettings = {
				ALWAYS_EMBED_SWIFT_STANDARD_LIBRARIES = YES;
				BUNDLE_LOADER = "$(TEST_HOST)";
				CODE_SIGN_STYLE = Automatic;
				INFOPLIST_FILE = MedibankCodeChallengeTests/Info.plist;
				IPHONEOS_DEPLOYMENT_TARGET = 13.5;
				LD_RUNPATH_SEARCH_PATHS = (
					"$(inherited)",
					"@executable_path/Frameworks",
					"@loader_path/Frameworks",
				);
				PRODUCT_BUNDLE_IDENTIFIER = com.mk.mc2.MedibankCodeChallengeTests;
				PRODUCT_NAME = "$(TARGET_NAME)";
				SWIFT_VERSION = 5.0;
				TARGETED_DEVICE_FAMILY = "1,2";
				TEST_HOST = "$(BUILT_PRODUCTS_DIR)/MedibankCodeChallenge.app/MedibankCodeChallenge";
			};
			name = Release;
		};
/* End XCBuildConfiguration section */

/* Begin XCConfigurationList section */
		78166A6E24E81900008DDAF5 /* Build configuration list for PBXProject "MedibankCodeChallenge" */ = {
			isa = XCConfigurationList;
			buildConfigurations = (
				78166A9524E81902008DDAF5 /* Debug */,
				78166A9624E81902008DDAF5 /* Release */,
			);
			defaultConfigurationIsVisible = 0;
			defaultConfigurationName = Release;
		};
		78166A9724E81902008DDAF5 /* Build configuration list for PBXNativeTarget "MedibankCodeChallenge" */ = {
			isa = XCConfigurationList;
			buildConfigurations = (
				78166A9824E81902008DDAF5 /* Debug */,
				78166A9924E81902008DDAF5 /* Release */,
			);
			defaultConfigurationIsVisible = 0;
			defaultConfigurationName = Release;
		};
		78166A9A24E81902008DDAF5 /* Build configuration list for PBXNativeTarget "MedibankCodeChallengeTests" */ = {
			isa = XCConfigurationList;
			buildConfigurations = (
				78166A9B24E81902008DDAF5 /* Debug */,
				78166A9C24E81902008DDAF5 /* Release */,
			);
			defaultConfigurationIsVisible = 0;
			defaultConfigurationName = Release;
		};
/* End XCConfigurationList section */

/* Begin XCVersionGroup section */
		78166A8124E81900008DDAF5 /* MedibankCodeChallenge.xcdatamodeld */ = {
			isa = XCVersionGroup;
			children = (
				78166A8224E81900008DDAF5 /* MedibankCodeChallenge.xcdatamodel */,
			);
			currentVersion = 78166A8224E81900008DDAF5 /* MedibankCodeChallenge.xcdatamodel */;
			path = MedibankCodeChallenge.xcdatamodeld;
			sourceTree = "<group>";
			versionGroupType = wrapper.xcdatamodel;
		};
/* End XCVersionGroup section */
	};
	rootObject = 78166A6B24E81900008DDAF5 /* Project object */;
}
